
Microsoft Visual Studio Solution File, Format Version 12.00
# Visual Studio Version 16
VisualStudioVersion = 16.0.31613.86
MinimumVisualStudioVersion = 10.0.40219.1
Project("{FAE04EC0-301F-11D3-BF4B-00C04F79EFBC}") = "CodeFirst", "CodeFirst\CodeFirst.csproj", "{0FCD9ECB-0833-427C-85E3-C347F54A975B}"
EndProject
Global
	GlobalSection(SolutionConfigurationPlatforms) = preSolution
		Debug|Any CPU = Debug|Any CPU
		Release|Any CPU = Release|Any CPU
	EndGlobalSection
	GlobalSection(ProjectConfigurationPlatforms) = postSolution
		{0FCD9ECB-0833-427C-85E3-C347F54A975B}.Debug|Any CPU.ActiveCfg = Debug|Any CPU
		{0FCD9ECB-0833-427C-85E3-C347F54A975B}.Debug|Any CPU.Build.0 = Debug|Any CPU
		{0FCD9ECB-0833-427C-85E3-C347F54A975B}.Release|Any CPU.ActiveCfg = Release|Any CPU
		{0FCD9ECB-0833-427C-85E3-C347F54A975B}.Release|Any CPU.Build.0 = Release|Any CPU
	EndGlobalSection
	GlobalSection(SolutionProperties) = preSolution
		HideSolutionNode = FALSE
	EndGlobalSection
	GlobalSection(ExtensibilityGlobals) = postSolution
		SolutionGuid = {94DADF02-07FD-4887-B6E6-F0A1B693E200}
	EndGlobalSection
EndGlobal
