
Microsoft Visual Studio Solution File, Format Version 12.00
# Visual Studio Version 16
VisualStudioVersion = 16.0.31515.178
MinimumVisualStudioVersion = 10.0.40219.1
Project("{FAE04EC0-301F-11D3-BF4B-00C04F79EFBC}") = "EntityFrameworkDataBaseFirst", "EntityFrameworkDataBaseFirst\EntityFrameworkDataBaseFirst.csproj", "{7E0EA7BC-79D9-48C7-AD87-70EF5E7EAC34}"
EndProject
Global
	GlobalSection(SolutionConfigurationPlatforms) = preSolution
		Debug|Any CPU = Debug|Any CPU
		Release|Any CPU = Release|Any CPU
	EndGlobalSection
	GlobalSection(ProjectConfigurationPlatforms) = postSolution
		{7E0EA7BC-79D9-48C7-AD87-70EF5E7EAC34}.Debug|Any CPU.ActiveCfg = Debug|Any CPU
		{7E0EA7BC-79D9-48C7-AD87-70EF5E7EAC34}.Debug|Any CPU.Build.0 = Debug|Any CPU
		{7E0EA7BC-79D9-48C7-AD87-70EF5E7EAC34}.Release|Any CPU.ActiveCfg = Release|Any CPU
		{7E0EA7BC-79D9-48C7-AD87-70EF5E7EAC34}.Release|Any CPU.Build.0 = Release|Any CPU
	EndGlobalSection
	GlobalSection(SolutionProperties) = preSolution
		HideSolutionNode = FALSE
	EndGlobalSection
	GlobalSection(ExtensibilityGlobals) = postSolution
		SolutionGuid = {27DF5E58-36DD-4BBF-A93A-92EB855367A4}
	EndGlobalSection
EndGlobal
