
Microsoft Visual Studio Solution File, Format Version 12.00
# Visual Studio Version 16
VisualStudioVersion = 16.0.31613.86
MinimumVisualStudioVersion = 10.0.40219.1
Project("{FAE04EC0-301F-11D3-BF4B-00C04F79EFBC}") = "HereciasClasesFiestas", "HereciasClasesFiestas\HereciasClasesFiestas.csproj", "{80FC70C8-095B-441D-A5DD-E5F89FEDB8DD}"
EndProject
Global
	GlobalSection(SolutionConfigurationPlatforms) = preSolution
		Debug|Any CPU = Debug|Any CPU
		Release|Any CPU = Release|Any CPU
	EndGlobalSection
	GlobalSection(ProjectConfigurationPlatforms) = postSolution
		{80FC70C8-095B-441D-A5DD-E5F89FEDB8DD}.Debug|Any CPU.ActiveCfg = Debug|Any CPU
		{80FC70C8-095B-441D-A5DD-E5F89FEDB8DD}.Debug|Any CPU.Build.0 = Debug|Any CPU
		{80FC70C8-095B-441D-A5DD-E5F89FEDB8DD}.Release|Any CPU.ActiveCfg = Release|Any CPU
		{80FC70C8-095B-441D-A5DD-E5F89FEDB8DD}.Release|Any CPU.Build.0 = Release|Any CPU
	EndGlobalSection
	GlobalSection(SolutionProperties) = preSolution
		HideSolutionNode = FALSE
	EndGlobalSection
	GlobalSection(ExtensibilityGlobals) = postSolution
		SolutionGuid = {0D6C6405-7AC4-4552-A4EA-2936F212B4EE}
	EndGlobalSection
EndGlobal
