
Microsoft Visual Studio Solution File, Format Version 12.00
# Visual Studio Version 16
VisualStudioVersion = 16.0.31515.178
MinimumVisualStudioVersion = 10.0.40219.1
Project("{FAE04EC0-301F-11D3-BF4B-00C04F79EFBC}") = "WindowsFormsHUCA", "WindowsFormsHUCA\WindowsFormsHUCA.csproj", "{055CDA3C-C414-4131-8996-86B4678B971D}"
EndProject
Global
	GlobalSection(SolutionConfigurationPlatforms) = preSolution
		Debug|Any CPU = Debug|Any CPU
		Release|Any CPU = Release|Any CPU
	EndGlobalSection
	GlobalSection(ProjectConfigurationPlatforms) = postSolution
		{055CDA3C-C414-4131-8996-86B4678B971D}.Debug|Any CPU.ActiveCfg = Debug|Any CPU
		{055CDA3C-C414-4131-8996-86B4678B971D}.Debug|Any CPU.Build.0 = Debug|Any CPU
		{055CDA3C-C414-4131-8996-86B4678B971D}.Release|Any CPU.ActiveCfg = Release|Any CPU
		{055CDA3C-C414-4131-8996-86B4678B971D}.Release|Any CPU.Build.0 = Release|Any CPU
	EndGlobalSection
	GlobalSection(SolutionProperties) = preSolution
		HideSolutionNode = FALSE
	EndGlobalSection
	GlobalSection(ExtensibilityGlobals) = postSolution
		SolutionGuid = {D389D3BD-B593-4E61-B858-4559CBFB591E}
	EndGlobalSection
EndGlobal
